github.com/aurorazl/go_module_version v0.5.0 h1:Eo1gbfAYwTKx0B5GIGKOvbPFAraKWnmI7bpRgOGeTkc=
github.com/aurorazl/go_module_version v0.5.0/go.mod h1:kiCWdi6EdoGRXil+HTRcT8IUrVOK9gPkNXo/SVN7QZ4=
github.com/aurorazl/go_module_version v0.6.0 h1:xXcELO3JmAx0L942V2v5L+wSt+dupZJUZEqQw/GqSFU=
github.com/aurorazl/go_module_version v0.6.0/go.mod h1:kiCWdi6EdoGRXil+HTRcT8IUrVOK9gPkNXo/SVN7QZ4=
github.com/aurorazl/go_module_version/v2 v2.1.0 h1:LWe7/ZOFTMpxefo/wX0fPvrqcuReu5o7YGRLTqcbi3Q=
github.com/aurorazl/go_module_version/v2 v2.1.0/go.mod h1:SP/i9bcV9G3ZF2RSf9OLZiwv4RtnbNb9yChWjvj2//4=
github.com/aurorazl/go_module_version/v2 v2.2.0 h1:90S/AQtUz2ObBOXoZzgqbSce36GGH9C4ZhjrvufxNAQ=
github.com/aurorazl/go_module_version/v2 v2.2.0/go.mod h1:SP/i9bcV9G3ZF2RSf9OLZiwv4RtnbNb9yChWjvj2//4=
github.com/aurorazl/go_module_version/v2 v2.6.0 h1:daM1HDhiLD2ACjLNiFNzNpqIiZj1kCIK1E+QWQGI0mY=
github.com/aurorazl/go_module_version/v2 v2.6.0/go.mod h1:SP/i9bcV9G3ZF2RSf9OLZiwv4RtnbNb9yChWjvj2//4=
github.com/aurorazl/go_module_version/v3 v3.0.0 h1:uoQcH295GVEXU3td0n8EtemtolDMRXhjfbwPtGmFN0k=
github.com/aurorazl/go_module_version/v3 v3.0.0/go.mod h1:Y+jbIkR1SRA0zOL/O/Plcl+rXYe2VDnBY1/0CFrzAuE=
